// !$*UTF8*$!
{
	archiveVersion = 1;
	classes = {
	};
	objectVersion = 77;
	objects = {

/* Begin PBXBuildFile section */
		3914363E2FD2CE6300A128AB /* .gitkeep in Resources */ = {isa = PBXBuildFile; fileRef = 3914363B2FD2CE6300A128AB /* .gitkeep */; };
		3914363F2FD2CE6300A128AB /* Cybernoid - The Fighting Machine (USA).nes in Resources */ = {isa = PBXBuildFile; fileRef = 3914363C2FD2CE6300A128AB /* Cybernoid - The Fighting Machine (USA).nes */; };
		391436402FD2CE6300A128AB /* .gitkeep in Resources */ = {isa = PBXBuildFile; fileRef = 3914363B2FD2CE6300A128AB /* .gitkeep */; };
		391436412FD2CE6300A128AB /* Cybernoid - The Fighting Machine (USA).nes in Resources */ = {isa = PBXBuildFile; fileRef = 3914363C2FD2CE6300A128AB /* Cybernoid - The Fighting Machine (USA).nes */; };
		39685CA12FD3FB39001044A9 /* NESEMU.swift in Sources */ = {isa = PBXBuildFile; fileRef = 39685C9D2FD3FB39001044A9 /* NESEMU.swift */; };
		39685CA22FD3FB39001044A9 /* NESCOM.swift in Sources */ = {isa = PBXBuildFile; fileRef = 39685C992FD3FB39001044A9 /* NESCOM.swift */; };
		39685CA32FD3FB39001044A9 /* NESBUS.swift in Sources */ = {isa = PBXBuildFile; fileRef = 39685C982FD3FB39001044A9 /* NESBUS.swift */; };
		39685CA42FD3FB39001044A9 /* NESPPU.swift in Sources */ = {isa = PBXBuildFile; fileRef = 39685C9F2FD3FB39001044A9 /* NESPPU.swift */; };
		39685CA52FD3FB39001044A9 /* NESDSK.swift in Sources */ = {isa = PBXBuildFile; fileRef = 39685C9C2FD3FB39001044A9 /* NESDSK.swift */; };
		39685CA62FD3FB39001044A9 /* NESCPU.swift in Sources */ = {isa = PBXBuildFile; fileRef = 39685C9B2FD3FB39001044A9 /* NESCPU.swift */; };
		39685CA72FD3FB39001044A9 /* NESKEY.swift in Sources */ = {isa = PBXBuildFile; fileRef = 39685C9E2FD3FB39001044A9 /* NESKEY.swift */; };
		39685CA82FD3FB39001044A9 /* NESCommon.swift in Sources */ = {isa = PBXBuildFile; fileRef = 39685C9A2FD3FB39001044A9 /* NESCommon.swift */; };
		39685CA92FD3FB39001044A9 /* NESEMU.swift in Sources */ = {isa = PBXBuildFile; fileRef = 39685C9D2FD3FB39001044A9 /* NESEMU.swift */; };
		39685CAA2FD3FB39001044A9 /* NESCOM.swift in Sources */ = {isa = PBXBuildFile; fileRef = 39685C992FD3FB39001044A9 /* NESCOM.swift */; };
		39685CAB2FD3FB39001044A9 /* NESBUS.swift in Sources */ = {isa = PBXBuildFile; fileRef = 39685C982FD3FB39001044A9 /* NESBUS.swift */; };
		39685CAC2FD3FB39001044A9 /* NESPPU.swift in Sources */ = {isa = PBXBuildFile; fileRef = 39685C9F2FD3FB39001044A9 /* NESPPU.swift */; };
		39685CAD2FD3FB39001044A9 /* NESDSK.swift in Sources */ = {isa = PBXBuildFile; fileRef = 39685C9C2FD3FB39001044A9 /* NESDSK.swift */; };
		39685CAE2FD3FB39001044A9 /* NESCPU.swift in Sources */ = {isa = PBXBuildFile; fileRef = 39685C9B2FD3FB39001044A9 /* NESCPU.swift */; };
		39685CAF2FD3FB39001044A9 /* NESKEY.swift in Sources */ = {isa = PBXBuildFile; fileRef = 39685C9E2FD3FB39001044A9 /* NESKEY.swift */; };
		39685CB02FD3FB39001044A9 /* NESCommon.swift in Sources */ = {isa = PBXBuildFile; fileRef = 39685C9A2FD3FB39001044A9 /* NESCommon.swift */; };
		39BF2E0A2FD448DE001B13AD /* Donkey Kong (World) (Rev A).nes in Resources */ = {isa = PBXBuildFile; fileRef = 39BF2E092FD448DE001B13AD /* Donkey Kong (World) (Rev A).nes */; };
		39BF2E0B2FD448DE001B13AD /* Donkey Kong (World) (Rev A).nes in Resources */ = {isa = PBXBuildFile; fileRef = 39BF2E092FD448DE001B13AD /* Donkey Kong (World) (Rev A).nes */; };
		39BF2E0D2FD5D00D001B13AD /* cpu_dummy_reads.nes in Resources */ = {isa = PBXBuildFile; fileRef = 39BF2E0C2FD5D00D001B13AD /* cpu_dummy_reads.nes */; };
		39BF2E0E2FD5D00D001B13AD /* cpu_dummy_reads.nes in Resources */ = {isa = PBXBuildFile; fileRef = 39BF2E0C2FD5D00D001B13AD /* cpu_dummy_reads.nes */; };
		39BF2E102FD5D864001B13AD /* nestest.nes in Resources */ = {isa = PBXBuildFile; fileRef = 39BF2E0F2FD5D864001B13AD /* nestest.nes */; };
		39BF2E112FD5D864001B13AD /* nestest.nes in Resources */ = {isa = PBXBuildFile; fileRef = 39BF2E0F2FD5D864001B13AD /* nestest.nes */; };
/* End PBXBuildFile section */

/* Begin PBXFileReference section */
		3914363B2FD2CE6300A128AB /* .gitkeep */ = {isa = PBXFileReference; lastKnownFileType = text; path = .gitkeep; sourceTree = "<group>"; };
		3914363C2FD2CE6300A128AB /* Cybernoid - The Fighting Machine (USA).nes */ = {isa = PBXFileReference; lastKnownFileType = file; path = "Cybernoid - The Fighting Machine (USA).nes"; sourceTree = "<group>"; };
		39685C982FD3FB39001044A9 /* NESBUS.swift */ = {isa = PBXFileReference; lastKnownFileType = sourcecode.swift; path = NESBUS.swift; sourceTree = "<group>"; };
		39685C992FD3FB39001044A9 /* NESCOM.swift */ = {isa = PBXFileReference; lastKnownFileType = sourcecode.swift; path = NESCOM.swift; sourceTree = "<group>"; };
		39685C9A2FD3FB39001044A9 /* NESCommon.swift */ = {isa = PBXFileReference; lastKnownFileType = sourcecode.swift; path = NESCommon.swift; sourceTree = "<group>"; };
		39685C9B2FD3FB39001044A9 /* NESCPU.swift */ = {isa = PBXFileReference; lastKnownFileType = sourcecode.swift; path = NESCPU.swift; sourceTree = "<group>"; };
		39685C9C2FD3FB39001044A9 /* NESDSK.swift */ = {isa = PBXFileReference; lastKnownFileType = sourcecode.swift; path = NESDSK.swift; sourceTree = "<group>"; };
		39685C9D2FD3FB39001044A9 /* NESEMU.swift */ = {isa = PBXFileReference; indentWidth = 3; lastKnownFileType = sourcecode.swift; path = NESEMU.swift; sourceTree = "<group>"; };
		39685C9E2FD3FB39001044A9 /* NESKEY.swift */ = {isa = PBXFileReference; lastKnownFileType = sourcecode.swift; path = NESKEY.swift; sourceTree = "<group>"; };
		39685C9F2FD3FB39001044A9 /* NESPPU.swift */ = {isa = PBXFileReference; lastKnownFileType = sourcecode.swift; path = NESPPU.swift; sourceTree = "<group>"; };
		39BF2DF22FD4340B001B13AD /* NESEMUApp.app */ = {isa = PBXFileReference; explicitFileType = wrapper.application; includeInIndex = 0; path = NESEMUApp.app; sourceTree = BUILT_PRODUCTS_DIR; };
		39BF2DF32FD4340B001B13AD /* NESEMUApp.app */ = {isa = PBXFileReference; explicitFileType = wrapper.application; includeInIndex = 0; path = NESEMUApp.app; sourceTree = BUILT_PRODUCTS_DIR; };
		39BF2E092FD448DE001B13AD /* Donkey Kong (World) (Rev A).nes */ = {isa = PBXFileReference; lastKnownFileType = file; path = "Donkey Kong (World) (Rev A).nes"; sourceTree = "<group>"; };
		39BF2E0C2FD5D00D001B13AD /* cpu_dummy_reads.nes */ = {isa = PBXFileReference; lastKnownFileType = file; path = cpu_dummy_reads.nes; sourceTree = "<group>"; };
		39BF2E0F2FD5D864001B13AD /* nestest.nes */ = {isa = PBXFileReference; lastKnownFileType = file; path = nestest.nes; sourceTree = "<group>"; };
/* End PBXFileReference section */

/* Begin PBXFileSystemSynchronizedBuildFileExceptionSet section */
		391436152FD2CA2600A128AB /* Exceptions for "NESEMUApp Shared" folder in "NESEMUApp iOS" target */ = {
			isa = PBXFileSystemSynchronizedBuildFileExceptionSet;
			membershipExceptions = (
				GameScene.swift,
			);
			target = 391435F22FD2CA2600A128AB /* NESEMUApp iOS */;
		};
		391436192FD2CA2600A128AB /* Exceptions for "NESEMUApp iOS" folder in "NESEMUApp iOS" target */ = {
			isa = PBXFileSystemSynchronizedBuildFileExceptionSet;
			membershipExceptions = (
				Info.plist,
			);
			target = 391435F22FD2CA2600A128AB /* NESEMUApp iOS */;
		};
		3914361A2FD2CA2600A128AB /* Exceptions for "NESEMUApp Shared" folder in "NESEMUApp macOS" target */ = {
			isa = PBXFileSystemSynchronizedBuildFileExceptionSet;
			membershipExceptions = (
				GameScene.swift,
			);
			target = 391436032FD2CA2600A128AB /* NESEMUApp macOS */;
		};
/* End PBXFileSystemSynchronizedBuildFileExceptionSet section */

/* Begin PBXFileSystemSynchronizedRootGroup section */
		391435EA2FD2CA2500A128AB /* NESEMUApp Shared */ = {
			isa = PBXFileSystemSynchronizedRootGroup;
			exceptions = (
				391436152FD2CA2600A128AB /* Exceptions for "NESEMUApp Shared" folder in "NESEMUApp iOS" target */,
				3914361A2FD2CA2600A128AB /* Exceptions for "NESEMUApp Shared" folder in "NESEMUApp macOS" target */,
			);
			path = "NESEMUApp Shared";
			sourceTree = "<group>";
		};
		391435F52FD2CA2600A128AB /* NESEMUApp iOS */ = {
			isa = PBXFileSystemSynchronizedRootGroup;
			exceptions = (
				391436192FD2CA2600A128AB /* Exceptions for "NESEMUApp iOS" folder in "NESEMUApp iOS" target */,
			);
			path = "NESEMUApp iOS";
			sourceTree = "<group>";
		};
		391436052FD2CA2600A128AB /* NESEMUApp macOS */ = {
			isa = PBXFileSystemSynchronizedRootGroup;
			path = "NESEMUApp macOS";
			sourceTree = "<group>";
		};
/* End PBXFileSystemSynchronizedRootGroup section */

/* Begin PBXFrameworksBuildPhase section */
		391435F02FD2CA2600A128AB /* Frameworks */ = {
			isa = PBXFrameworksBuildPhase;
			buildActionMask = 2147483647;
			files = (
			);
			runOnlyForDeploymentPostprocessing = 0;
		};
		391436012FD2CA2600A128AB /* Frameworks */ = {
			isa = PBXFrameworksBuildPhase;
			buildActionMask = 2147483647;
			files = (
			);
			runOnlyForDeploymentPostprocessing = 0;
		};
/* End PBXFrameworksBuildPhase section */

/* Begin PBXGroup section */
		391435E52FD2CA2500A128AB = {
			isa = PBXGroup;
			children = (
				3914363D2FD2CE6300A128AB /* Roms */,
				391435EA2FD2CA2500A128AB /* NESEMUApp Shared */,
				391435F52FD2CA2600A128AB /* NESEMUApp iOS */,
				391436052FD2CA2600A128AB /* NESEMUApp macOS */,
				39685C952FD3312C001044A9 /* Frameworks */,
				39685CA02FD3FB39001044A9 /* NESEMU */,
				39BF2DF22FD4340B001B13AD /* NESEMUApp.app */,
				39BF2DF32FD4340B001B13AD /* NESEMUApp.app */,
			);
			sourceTree = "<group>";
		};
		3914363D2FD2CE6300A128AB /* Roms */ = {
			isa = PBXGroup;
			children = (
				39BF2E0C2FD5D00D001B13AD /* cpu_dummy_reads.nes */,
				3914363B2FD2CE6300A128AB /* .gitkeep */,
				39BF2E092FD448DE001B13AD /* Donkey Kong (World) (Rev A).nes */,
				39BF2E0F2FD5D864001B13AD /* nestest.nes */,
				3914363C2FD2CE6300A128AB /* Cybernoid - The Fighting Machine (USA).nes */,
			);
			name = Roms;
			path = /Users/heibalvin/Github/heibalvin/AHRetroEmu/Roms;
			sourceTree = "<absolute>";
		};
		39685C952FD3312C001044A9 /* Frameworks */ = {
			isa = PBXGroup;
			children = (
			);
			name = Frameworks;
			sourceTree = "<group>";
		};
		39685CA02FD3FB39001044A9 /* NESEMU */ = {
			isa = PBXGroup;
			children = (
				39685C982FD3FB39001044A9 /* NESBUS.swift */,
				39685C992FD3FB39001044A9 /* NESCOM.swift */,
				39685C9A2FD3FB39001044A9 /* NESCommon.swift */,
				39685C9B2FD3FB39001044A9 /* NESCPU.swift */,
				39685C9C2FD3FB39001044A9 /* NESDSK.swift */,
				39685C9D2FD3FB39001044A9 /* NESEMU.swift */,
				39685C9E2FD3FB39001044A9 /* NESKEY.swift */,
				39685C9F2FD3FB39001044A9 /* NESPPU.swift */,
			);
			name = NESEMU;
			path = /Users/heibalvin/Github/heibalvin/AHRetroEmu/Source/NESEMU;
			sourceTree = "<absolute>";
		};
/* End PBXGroup section */

/* Begin PBXNativeTarget section */
		391435F22FD2CA2600A128AB /* NESEMUApp iOS */ = {
			isa = PBXNativeTarget;
			buildConfigurationList = 391436162FD2CA2600A128AB /* Build configuration list for PBXNativeTarget "NESEMUApp iOS" */;
			buildPhases = (
				391435EF2FD2CA2600A128AB /* Sources */,
				391435F02FD2CA2600A128AB /* Frameworks */,
				391435F12FD2CA2600A128AB /* Resources */,
			);
			buildRules = (
			);
			dependencies = (
			);
			fileSystemSynchronizedGroups = (
				391435F52FD2CA2600A128AB /* NESEMUApp iOS */,
			);
			name = "NESEMUApp iOS";
			packageProductDependencies = (
			);
			productName = "NESEMUApp iOS";
			productReference = 39BF2DF22FD4340B001B13AD /* NESEMUApp.app */;
			productType = "com.apple.product-type.application";
		};
		391436032FD2CA2600A128AB /* NESEMUApp macOS */ = {
			isa = PBXNativeTarget;
			buildConfigurationList = 3914361B2FD2CA2600A128AB /* Build configuration list for PBXNativeTarget "NESEMUApp macOS" */;
			buildPhases = (
				391436002FD2CA2600A128AB /* Sources */,
				391436012FD2CA2600A128AB /* Frameworks */,
				391436022FD2CA2600A128AB /* Resources */,
			);
			buildRules = (
			);
			dependencies = (
			);
			fileSystemSynchronizedGroups = (
				391436052FD2CA2600A128AB /* NESEMUApp macOS */,
			);
			name = "NESEMUApp macOS";
			packageProductDependencies = (
			);
			productName = "NESEMUApp macOS";
			productReference = 39BF2DF32FD4340B001B13AD /* NESEMUApp.app */;
			productType = "com.apple.product-type.application";
		};
/* End PBXNativeTarget section */

/* Begin PBXProject section */
		391435E62FD2CA2500A128AB /* Project object */ = {
			isa = PBXProject;
			attributes = {
				BuildIndependentTargetsInParallel = 1;
				LastSwiftUpdateCheck = 2640;
				LastUpgradeCheck = 2640;
				TargetAttributes = {
					391435F22FD2CA2600A128AB = {
						CreatedOnToolsVersion = 26.4;
					};
					391436032FD2CA2600A128AB = {
						CreatedOnToolsVersion = 26.4;
					};
				};
			};
			buildConfigurationList = 391435E92FD2CA2500A128AB /* Build configuration list for PBXProject "NESEMUApp" */;
			developmentRegion = en;
			hasScannedForEncodings = 0;
			knownRegions = (
				en,
				Base,
			);
			mainGroup = 391435E52FD2CA2500A128AB;
			minimizedProjectReferenceProxies = 1;
			packageReferences = (
			);
			preferredProjectObjectVersion = 77;
			productRefGroup = 391435E52FD2CA2500A128AB;
			projectDirPath = "";
			projectRoot = "";
			targets = (
				391435F22FD2CA2600A128AB /* NESEMUApp iOS */,
				391436032FD2CA2600A128AB /* NESEMUApp macOS */,
			);
		};
/* End PBXProject section */

/* Begin PBXResourcesBuildPhase section */
		391435F12FD2CA2600A128AB /* Resources */ = {
			isa = PBXResourcesBuildPhase;
			buildActionMask = 2147483647;
			files = (
				39BF2E0A2FD448DE001B13AD /* Donkey Kong (World) (Rev A).nes in Resources */,
				39BF2E0E2FD5D00D001B13AD /* cpu_dummy_reads.nes in Resources */,
				3914363E2FD2CE6300A128AB /* .gitkeep in Resources */,
				3914363F2FD2CE6300A128AB /* Cybernoid - The Fighting Machine (USA).nes in Resources */,
				39BF2E112FD5D864001B13AD /* nestest.nes in Resources */,
			);
			runOnlyForDeploymentPostprocessing = 0;
		};
		391436022FD2CA2600A128AB /* Resources */ = {
			isa = PBXResourcesBuildPhase;
			buildActionMask = 2147483647;
			files = (
				39BF2E0B2FD448DE001B13AD /* Donkey Kong (World) (Rev A).nes in Resources */,
				39BF2E0D2FD5D00D001B13AD /* cpu_dummy_reads.nes in Resources */,
				391436402FD2CE6300A128AB /* .gitkeep in Resources */,
				391436412FD2CE6300A128AB /* Cybernoid - The Fighting Machine (USA).nes in Resources */,
				39BF2E102FD5D864001B13AD /* nestest.nes in Resources */,
			);
			runOnlyForDeploymentPostprocessing = 0;
		};
/* End PBXResourcesBuildPhase section */

/* Begin PBXSourcesBuildPhase section */
		391435EF2FD2CA2600A128AB /* Sources */ = {
			isa = PBXSourcesBuildPhase;
			buildActionMask = 2147483647;
			files = (
				39685CA92FD3FB39001044A9 /* NESEMU.swift in Sources */,
				39685CAA2FD3FB39001044A9 /* NESCOM.swift in Sources */,
				39685CAB2FD3FB39001044A9 /* NESBUS.swift in Sources */,
				39685CAC2FD3FB39001044A9 /* NESPPU.swift in Sources */,
				39685CAD2FD3FB39001044A9 /* NESDSK.swift in Sources */,
				39685CAE2FD3FB39001044A9 /* NESCPU.swift in Sources */,
				39685CAF2FD3FB39001044A9 /* NESKEY.swift in Sources */,
				39685CB02FD3FB39001044A9 /* NESCommon.swift in Sources */,
			);
			runOnlyForDeploymentPostprocessing = 0;
		};
		391436002FD2CA2600A128AB /* Sources */ = {
			isa = PBXSourcesBuildPhase;
			buildActionMask = 2147483647;
			files = (
				39685CA12FD3FB39001044A9 /* NESEMU.swift in Sources */,
				39685CA22FD3FB39001044A9 /* NESCOM.swift in Sources */,
				39685CA32FD3FB39001044A9 /* NESBUS.swift in Sources */,
				39685CA42FD3FB39001044A9 /* NESPPU.swift in Sources */,
				39685CA52FD3FB39001044A9 /* NESDSK.swift in Sources */,
				39685CA62FD3FB39001044A9 /* NESCPU.swift in Sources */,
				39685CA72FD3FB39001044A9 /* NESKEY.swift in Sources */,
				39685CA82FD3FB39001044A9 /* NESCommon.swift in Sources */,
			);
			runOnlyForDeploymentPostprocessing = 0;
		};
/* End PBXSourcesBuildPhase section */

/* Begin XCBuildConfiguration section */
		391436172FD2CA2600A128AB /* Debug */ = {
			isa = XCBuildConfiguration;
			buildSettings = {
				ASSETCATALOG_COMPILER_APPICON_NAME = AppIcon;
				ASSETCATALOG_COMPILER_GLOBAL_ACCENT_COLOR_NAME = AccentColor;
				CODE_SIGN_STYLE = Automatic;
				CURRENT_PROJECT_VERSION = 1;
				DEVELOPMENT_TEAM = 7V6MT62TPQ;
				GENERATE_INFOPLIST_FILE = YES;
				INFOPLIST_FILE = "NESEMUApp iOS/Info.plist";
				INFOPLIST_KEY_UIApplicationSupportsIndirectInputEvents = YES;
				INFOPLIST_KEY_UIMainStoryboardFile = Main;
				INFOPLIST_KEY_UIStatusBarHidden = YES;
				INFOPLIST_KEY_UISupportedInterfaceOrientations_iPad = "UIInterfaceOrientationPortrait UIInterfaceOrientationPortraitUpsideDown UIInterfaceOrientationLandscapeLeft UIInterfaceOrientationLandscapeRight";
				INFOPLIST_KEY_UISupportedInterfaceOrientations_iPhone = "UIInterfaceOrientationPortrait UIInterfaceOrientationLandscapeLeft UIInterfaceOrientationLandscapeRight";
				IPHONEOS_DEPLOYMENT_TARGET = 26.4;
				LD_RUNPATH_SEARCH_PATHS = (
					"$(inherited)",
					"@executable_path/Frameworks",
				);
				MARKETING_VERSION = 1.0;
				PRODUCT_BUNDLE_IDENTIFIER = "akashatek.retro-gaming.NESEMUApp";
				PRODUCT_NAME = NESEMUApp;
				SDKROOT = iphoneos;
				STRING_CATALOG_GENERATE_SYMBOLS = YES;
				SWIFT_APPROACHABLE_CONCURRENCY = YES;
				SWIFT_DEFAULT_ACTOR_ISOLATION = MainActor;
				SWIFT_EMIT_LOC_STRINGS = YES;
				SWIFT_UPCOMING_FEATURE_MEMBER_IMPORT_VISIBILITY = YES;
				SWIFT_VERSION = 5.0;
				TARGETED_DEVICE_FAMILY = "1,2";
			};
			name = Debug;
		};
		391436182FD2CA2600A128AB /* Release */ = {
			isa = XCBuildConfiguration;
			buildSettings = {
				ASSETCATALOG_COMPILER_APPICON_NAME = AppIcon;
				ASSETCATALOG_COMPILER_GLOBAL_ACCENT_COLOR_NAME = AccentColor;
				CODE_SIGN_STYLE = Automatic;
				CURRENT_PROJECT_VERSION = 1;
				DEVELOPMENT_TEAM = 7V6MT62TPQ;
				GENERATE_INFOPLIST_FILE = YES;
				INFOPLIST_FILE = "NESEMUApp iOS/Info.plist";
				INFOPLIST_KEY_UIApplicationSupportsIndirectInputEvents = YES;
				INFOPLIST_KEY_UIMainStoryboardFile = Main;
				INFOPLIST_KEY_UIStatusBarHidden = YES;
				INFOPLIST_KEY_UISupportedInterfaceOrientations_iPad = "UIInterfaceOrientationPortrait UIInterfaceOrientationPortraitUpsideDown UIInterfaceOrientationLandscapeLeft UIInterfaceOrientationLandscapeRight";
				INFOPLIST_KEY_UISupportedInterfaceOrientations_iPhone = "UIInterfaceOrientationPortrait UIInterfaceOrientationLandscapeLeft UIInterfaceOrientationLandscapeRight";
				IPHONEOS_DEPLOYMENT_TARGET = 26.4;
				LD_RUNPATH_SEARCH_PATHS = (
					"$(inherited)",
					"@executable_path/Frameworks",
				);
				MARKETING_VERSION = 1.0;
				PRODUCT_BUNDLE_IDENTIFIER = "akashatek.retro-gaming.NESEMUApp";
				PRODUCT_NAME = NESEMUApp;
				SDKROOT = iphoneos;
				STRING_CATALOG_GENERATE_SYMBOLS = YES;
				SWIFT_APPROACHABLE_CONCURRENCY = YES;
				SWIFT_DEFAULT_ACTOR_ISOLATION = MainActor;
				SWIFT_EMIT_LOC_STRINGS = YES;
				SWIFT_UPCOMING_FEATURE_MEMBER_IMPORT_VISIBILITY = YES;
				SWIFT_VERSION = 5.0;
				TARGETED_DEVICE_FAMILY = "1,2";
				VALIDATE_PRODUCT = YES;
			};
			name = Release;
		};
		3914361C2FD2CA2600A128AB /* Debug */ = {
			isa = XCBuildConfiguration;
			buildSettings = {
				ASSETCATALOG_COMPILER_APPICON_NAME = AppIcon;
				ASSETCATALOG_COMPILER_GLOBAL_ACCENT_COLOR_NAME = AccentColor;
				CODE_SIGN_STYLE = Automatic;
				COMBINE_HIDPI_IMAGES = YES;
				CURRENT_PROJECT_VERSION = 1;
				DEVELOPMENT_TEAM = 7V6MT62TPQ;
				ENABLE_APP_SANDBOX = YES;
				ENABLE_HARDENED_RUNTIME = YES;
				ENABLE_USER_SELECTED_FILES = readonly;
				GENERATE_INFOPLIST_FILE = YES;
				INFOPLIST_KEY_NSHumanReadableCopyright = "";
				INFOPLIST_KEY_NSMainStoryboardFile = Main;
				INFOPLIST_KEY_NSPrincipalClass = NSApplication;
				LD_RUNPATH_SEARCH_PATHS = (
					"$(inherited)",
					"@executable_path/../Frameworks",
				);
				MACOSX_DEPLOYMENT_TARGET = 26.3;
				MARKETING_VERSION = 1.0;
				PRODUCT_BUNDLE_IDENTIFIER = "akashatek.retro-gaming.NESEMUApp";
				PRODUCT_NAME = NESEMUApp;
				REGISTER_APP_GROUPS = YES;
				SDKROOT = macosx;
				STRING_CATALOG_GENERATE_SYMBOLS = YES;
				SWIFT_APPROACHABLE_CONCURRENCY = YES;
				SWIFT_DEFAULT_ACTOR_ISOLATION = MainActor;
				SWIFT_EMIT_LOC_STRINGS = YES;
				SWIFT_UPCOMING_FEATURE_MEMBER_IMPORT_VISIBILITY = YES;
				SWIFT_VERSION = 5.0;
			};
			name = Debug;
		};
		3914361D2FD2CA2600A128AB /* Release */ = {
			isa = XCBuildConfiguration;
			buildSettings = {
				ASSETCATALOG_COMPILER_APPICON_NAME = AppIcon;
				ASSETCATALOG_COMPILER_GLOBAL_ACCENT_COLOR_NAME = AccentColor;
				CODE_SIGN_STYLE = Automatic;
				COMBINE_HIDPI_IMAGES = YES;
				CURRENT_PROJECT_VERSION = 1;
				DEVELOPMENT_TEAM = 7V6MT62TPQ;
				ENABLE_APP_SANDBOX = YES;
				ENABLE_HARDENED_RUNTIME = YES;
				ENABLE_USER_SELECTED_FILES = readonly;
				GENERATE_INFOPLIST_FILE = YES;
				INFOPLIST_KEY_NSHumanReadableCopyright = "";
				INFOPLIST_KEY_NSMainStoryboardFile = Main;
				INFOPLIST_KEY_NSPrincipalClass = NSApplication;
				LD_RUNPATH_SEARCH_PATHS = (
					"$(inherited)",
					"@executable_path/../Frameworks",
				);
				MACOSX_DEPLOYMENT_TARGET = 26.3;
				MARKETING_VERSION = 1.0;
				PRODUCT_BUNDLE_IDENTIFIER = "akashatek.retro-gaming.NESEMUApp";
				PRODUCT_NAME = NESEMUApp;
				REGISTER_APP_GROUPS = YES;
				SDKROOT = macosx;
				STRING_CATALOG_GENERATE_SYMBOLS = YES;
				SWIFT_APPROACHABLE_CONCURRENCY = YES;
				SWIFT_DEFAULT_ACTOR_ISOLATION = MainActor;
				SWIFT_EMIT_LOC_STRINGS = YES;
				SWIFT_UPCOMING_FEATURE_MEMBER_IMPORT_VISIBILITY = YES;
				SWIFT_VERSION = 5.0;
			};
			name = Release;
		};
		3914361E2FD2CA2600A128AB /* Debug */ = {
			isa = XCBuildConfiguration;
			buildSettings = {
				ALWAYS_SEARCH_USER_PATHS = NO;
				ASSETCATALOG_COMPILER_GENERATE_SWIFT_ASSET_SYMBOL_EXTENSIONS = YES;
				CLANG_ANALYZER_NONNULL = YES;
				CLANG_ANALYZER_NUMBER_OBJECT_CONVERSION = YES_AGGRESSIVE;
				CLANG_CXX_LANGUAGE_STANDARD = "gnu++20";
				CLANG_ENABLE_MODULES = YES;
				CLANG_ENABLE_OBJC_ARC = YES;
				CLANG_ENABLE_OBJC_WEAK = YES;
				CLANG_WARN_BLOCK_CAPTURE_AUTORELEASING = YES;
				CLANG_WARN_BOOL_CONVERSION = YES;
				CLANG_WARN_COMMA = YES;
				CLANG_WARN_CONSTANT_CONVERSION = YES;
				CLANG_WARN_DEPRECATED_OBJC_IMPLEMENTATIONS = YES;
				CLANG_WARN_DIRECT_OBJC_ISA_USAGE = YES_ERROR;
				CLANG_WARN_DOCUMENTATION_COMMENTS = YES;
				CLANG_WARN_EMPTY_BODY = YES;
				CLANG_WARN_ENUM_CONVERSION = YES;
				CLANG_WARN_INFINITE_RECURSION = YES;
				CLANG_WARN_INT_CONVERSION = YES;
				CLANG_WARN_NON_LITERAL_NULL_CONVERSION = YES;
				CLANG_WARN_OBJC_IMPLICIT_RETAIN_SELF = YES;
				CLANG_WARN_OBJC_LITERAL_CONVERSION = YES;
				CLANG_WARN_OBJC_ROOT_CLASS = YES_ERROR;
				CLANG_WARN_QUOTED_INCLUDE_IN_FRAMEWORK_HEADER = YES;
				CLANG_WARN_RANGE_LOOP_ANALYSIS = YES;
				CLANG_WARN_STRICT_PROTOTYPES = YES;
				CLANG_WARN_SUSPICIOUS_MOVE = YES;
				CLANG_WARN_UNGUARDED_AVAILABILITY = YES_AGGRESSIVE;
				CLANG_WARN_UNREACHABLE_CODE = YES;
				CLANG_WARN__DUPLICATE_METHOD_MATCH = YES;
				COPY_PHASE_STRIP = NO;
				DEBUG_INFORMATION_FORMAT = dwarf;
				DEVELOPMENT_TEAM = 7V6MT62TPQ;
				ENABLE_STRICT_OBJC_MSGSEND = YES;
				ENABLE_TESTABILITY = YES;
				ENABLE_USER_SCRIPT_SANDBOXING = YES;
				GCC_C_LANGUAGE_STANDARD = gnu17;
				GCC_DYNAMIC_NO_PIC = NO;
				GCC_NO_COMMON_BLOCKS = YES;
				GCC_OPTIMIZATION_LEVEL = 0;
				GCC_PREPROCESSOR_DEFINITIONS = (
					"DEBUG=1",
					"$(inherited)",
				);
				GCC_WARN_64_TO_32_BIT_CONVERSION = YES;
				GCC_WARN_ABOUT_RETURN_TYPE = YES_ERROR;
				GCC_WARN_UNDECLARED_SELECTOR = YES;
				GCC_WARN_UNINITIALIZED_AUTOS = YES_AGGRESSIVE;
				GCC_WARN_UNUSED_FUNCTION = YES;
				GCC_WARN_UNUSED_VARIABLE = YES;
				LOCALIZATION_PREFERS_STRING_CATALOGS = YES;
				MTL_ENABLE_DEBUG_INFO = INCLUDE_SOURCE;
				MTL_FAST_MATH = YES;
				ONLY_ACTIVE_ARCH = YES;
				SWIFT_ACTIVE_COMPILATION_CONDITIONS = "DEBUG $(inherited)";
				SWIFT_OPTIMIZATION_LEVEL = "-Onone";
			};
			name = Debug;
		};
		3914361F2FD2CA2600A128AB /* Release */ = {
			isa = XCBuildConfiguration;
			buildSettings = {
				ALWAYS_SEARCH_USER_PATHS = NO;
				ASSETCATALOG_COMPILER_GENERATE_SWIFT_ASSET_SYMBOL_EXTENSIONS = YES;
				CLANG_ANALYZER_NONNULL = YES;
				CLANG_ANALYZER_NUMBER_OBJECT_CONVERSION = YES_AGGRESSIVE;
				CLANG_CXX_LANGUAGE_STANDARD = "gnu++20";
				CLANG_ENABLE_MODULES = YES;
				CLANG_ENABLE_OBJC_ARC = YES;
				CLANG_ENABLE_OBJC_WEAK = YES;
				CLANG_WARN_BLOCK_CAPTURE_AUTORELEASING = YES;
				CLANG_WARN_BOOL_CONVERSION = YES;
				CLANG_WARN_COMMA = YES;
				CLANG_WARN_CONSTANT_CONVERSION = YES;
				CLANG_WARN_DEPRECATED_OBJC_IMPLEMENTATIONS = YES;
				CLANG_WARN_DIRECT_OBJC_ISA_USAGE = YES_ERROR;
				CLANG_WARN_DOCUMENTATION_COMMENTS = YES;
				CLANG_WARN_EMPTY_BODY = YES;
				CLANG_WARN_ENUM_CONVERSION = YES;
				CLANG_WARN_INFINITE_RECURSION = YES;
				CLANG_WARN_INT_CONVERSION = YES;
				CLANG_WARN_NON_LITERAL_NULL_CONVERSION = YES;
				CLANG_WARN_OBJC_IMPLICIT_RETAIN_SELF = YES;
				CLANG_WARN_OBJC_LITERAL_CONVERSION = YES;
				CLANG_WARN_OBJC_ROOT_CLASS = YES_ERROR;
				CLANG_WARN_QUOTED_INCLUDE_IN_FRAMEWORK_HEADER = YES;
				CLANG_WARN_RANGE_LOOP_ANALYSIS = YES;
				CLANG_WARN_STRICT_PROTOTYPES = YES;
				CLANG_WARN_SUSPICIOUS_MOVE = YES;
				CLANG_WARN_UNGUARDED_AVAILABILITY = YES_AGGRESSIVE;
				CLANG_WARN_UNREACHABLE_CODE = YES;
				CLANG_WARN__DUPLICATE_METHOD_MATCH = YES;
				COPY_PHASE_STRIP = NO;
				DEBUG_INFORMATION_FORMAT = "dwarf-with-dsym";
				DEVELOPMENT_TEAM = 7V6MT62TPQ;
				ENABLE_NS_ASSERTIONS = NO;
				ENABLE_STRICT_OBJC_MSGSEND = YES;
				ENABLE_USER_SCRIPT_SANDBOXING = YES;
				GCC_C_LANGUAGE_STANDARD = gnu17;
				GCC_NO_COMMON_BLOCKS = YES;
				GCC_WARN_64_TO_32_BIT_CONVERSION = YES;
				GCC_WARN_ABOUT_RETURN_TYPE = YES_ERROR;
				GCC_WARN_UNDECLARED_SELECTOR = YES;
				GCC_WARN_UNINITIALIZED_AUTOS = YES_AGGRESSIVE;
				GCC_WARN_UNUSED_FUNCTION = YES;
				GCC_WARN_UNUSED_VARIABLE = YES;
				LOCALIZATION_PREFERS_STRING_CATALOGS = YES;
				MTL_ENABLE_DEBUG_INFO = NO;
				MTL_FAST_MATH = YES;
				SWIFT_COMPILATION_MODE = wholemodule;
			};
			name = Release;
		};
/* End XCBuildConfiguration section */

/* Begin XCConfigurationList section */
		391435E92FD2CA2500A128AB /* Build configuration list for PBXProject "NESEMUApp" */ = {
			isa = XCConfigurationList;
			buildConfigurations = (
				3914361E2FD2CA2600A128AB /* Debug */,
				3914361F2FD2CA2600A128AB /* Release */,
			);
			defaultConfigurationIsVisible = 0;
			defaultConfigurationName = Release;
		};
		391436162FD2CA2600A128AB /* Build configuration list for PBXNativeTarget "NESEMUApp iOS" */ = {
			isa = XCConfigurationList;
			buildConfigurations = (
				391436172FD2CA2600A128AB /* Debug */,
				391436182FD2CA2600A128AB /* Release */,
			);
			defaultConfigurationIsVisible = 0;
			defaultConfigurationName = Release;
		};
		3914361B2FD2CA2600A128AB /* Build configuration list for PBXNativeTarget "NESEMUApp macOS" */ = {
			isa = XCConfigurationList;
			buildConfigurations = (
				3914361C2FD2CA2600A128AB /* Debug */,
				3914361D2FD2CA2600A128AB /* Release */,
			);
			defaultConfigurationIsVisible = 0;
			defaultConfigurationName = Release;
		};
/* End XCConfigurationList section */
	};
	rootObject = 391435E62FD2CA2500A128AB /* Project object */;
}
